// !$*UTF8*$!
{
	archiveVersion = 1;
	classes = {
	};
	objectVersion = 46;
	objects = {

/* Begin PBXBuildFile section */
		2CA952021925A36600E36981 /* Foundation.framework in Frameworks */ = {isa = PBXBuildFile; fileRef = 2CA952011925A36600E36981 /* Foundation.framework */; };
		2CA952041925A36600E36981 /* CoreGraphics.framework in Frameworks */ = {isa = PBXBuildFile; fileRef = 2CA952031925A36600E36981 /* CoreGraphics.framework */; };
		2CA952061925A36600E36981 /* UIKit.framework in Frameworks */ = {isa = PBXBuildFile; fileRef = 2CA952051925A36600E36981 /* UIKit.framework */; };
		2CA9520C1925A36600E36981 /* InfoPlist.strings in Resources */ = {isa = PBXBuildFile; fileRef = 2CA9520A1925A36600E36981 /* InfoPlist.strings */; };
		2CA9520E1925A36600E36981 /* main.m in Sources */ = {isa = PBXBuildFile; fileRef = 2CA9520D1925A36600E36981 /* main.m */; };
		2CA952121925A36600E36981 /* AppDelegate.m in Sources */ = {isa = PBXBuildFile; fileRef = 2CA952111925A36600E36981 /* AppDelegate.m */; };
		2CA952151925A36600E36981 /* Main_iPhone.storyboard in Resources */ = {isa = PBXBuildFile; fileRef = 2CA952131925A36600E36981 /* Main_iPhone.storyboard */; };
		2CA952181925A36600E36981 /* Main_iPad.storyboard in Resources */ = {isa = PBXBuildFile; fileRef = 2CA952161925A36600E36981 /* Main_iPad.storyboard */; };
		2CA9521B1925A36600E36981 /* ViewController.m in Sources */ = {isa = PBXBuildFile; fileRef = 2CA9521A1925A36600E36981 /* ViewController.m */; };
		2CA9521D1925A36600E36981 /* Images.xcassets in Resources */ = {isa = PBXBuildFile; fileRef = 2CA9521C1925A36600E36981 /* Images.xcassets */; };
		2CA952241925A36600E36981 /* XCTest.framework in Frameworks */ = {isa = PBXBuildFile; fileRef = 2CA952231925A36600E36981 /* XCTest.framework */; };
		2CA952251925A36600E36981 /* Foundation.framework in Frameworks */ = {isa = PBXBuildFile; fileRef = 2CA952011925A36600E36981 /* Foundation.framework */; };
		2CA952261925A36600E36981 /* UIKit.framework in Frameworks */ = {isa = PBXBuildFile; fileRef = 2CA952051925A36600E36981 /* UIKit.framework */; };
		2CA9522E1925A36600E36981 /* InfoPlist.strings in Resources */ = {isa = PBXBuildFile; fileRef = 2CA9522C1925A36600E36981 /* InfoPlist.strings */; };
		2CA952301925A36600E36981 /* TestKVOTests.m in Sources */ = {isa = PBXBuildFile; fileRef = 2CA9522F1925A36600E36981 /* TestKVOTests.m */; };
		2CA9523B1925A3A100E36981 /* StockObject.m in Sources */ = {isa = PBXBuildFile; fileRef = 2CA9523A1925A3A100E36981 /* StockObject.m */; };
/* End PBXBuildFile section */

/* Begin PBXContainerItemProxy section */
		2CA952271925A36600E36981 /* PBXContainerItemProxy */ = {
			isa = PBXContainerItemProxy;
			containerPortal = 2CA951F61925A36500E36981 /* Project object */;
			proxyType = 1;
			remoteGlobalIDString = 2CA951FD1925A36600E36981;
			remoteInfo = TestKVO;
		};
/* End PBXContainerItemProxy section */

/* Begin PBXFileReference section */
		2CA951FE1925A36600E36981 /* TestKVO.app */ = {isa = PBXFileReference; explicitFileType = wrapper.application; includeInIndex = 0; path = TestKVO.app; sourceTree = BUILT_PRODUCTS_DIR; };
		2CA952011925A36600E36981 /* Foundation.framework */ = {isa = PBXFileReference; lastKnownFileType = wrapper.framework; name = Foundation.framework; path = System/Library/Frameworks/Foundation.framework; sourceTree = SDKROOT; };
		2CA952031925A36600E36981 /* CoreGraphics.framework */ = {isa = PBXFileReference; lastKnownFileType = wrapper.framework; name = CoreGraphics.framework; path = System/Library/Frameworks/CoreGraphics.framework; sourceTree = SDKROOT; };
		2CA952051925A36600E36981 /* UIKit.framework */ = {isa = PBXFileReference; lastKnownFileType = wrapper.framework; name = UIKit.framework; path = System/Library/Frameworks/UIKit.framework; sourceTree = SDKROOT; };
		2CA952091925A36600E36981 /* TestKVO-Info.plist */ = {isa = PBXFileReference; lastKnownFileType = text.plist.xml; path = "TestKVO-Info.plist"; sourceTree = "<group>"; };
		2CA9520B1925A36600E36981 /* en */ = {isa = PBXFileReference; lastKnownFileType = text.plist.strings; name = en; path = en.lproj/InfoPlist.strings; sourceTree = "<group>"; };
		2CA9520D1925A36600E36981 /* main.m */ = {isa = PBXFileReference; lastKnownFileType = sourcecode.c.objc; path = main.m; sourceTree = "<group>"; };
		2CA9520F1925A36600E36981 /* TestKVO-Prefix.pch */ = {isa = PBXFileReference; lastKnownFileType = sourcecode.c.h; path = "TestKVO-Prefix.pch"; sourceTree = "<group>"; };
		2CA952101925A36600E36981 /* AppDelegate.h */ = {isa = PBXFileReference; lastKnownFileType = sourcecode.c.h; path = AppDelegate.h; sourceTree = "<group>"; };
		2CA952111925A36600E36981 /* AppDelegate.m */ = {isa = PBXFileReference; lastKnownFileType = sourcecode.c.objc; path = AppDelegate.m; sourceTree = "<group>"; };
		2CA952141925A36600E36981 /* Base */ = {isa = PBXFileReference; lastKnownFileType = file.storyboard; name = Base; path = Base.lproj/Main_iPhone.storyboard; sourceTree = "<group>"; };
		2CA952171925A36600E36981 /* Base */ = {isa = PBXFileReference; lastKnownFileType = file.storyboard; name = Base; path = Base.lproj/Main_iPad.storyboard; sourceTree = "<group>"; };
		2CA952191925A36600E36981 /* ViewController.h */ = {isa = PBXFileReference; lastKnownFileType = sourcecode.c.h; path = ViewController.h; sourceTree = "<group>"; };
		2CA9521A1925A36600E36981 /* ViewController.m */ = {isa = PBXFileReference; lastKnownFileType = sourcecode.c.objc; path = ViewController.m; sourceTree = "<group>"; };
		2CA9521C1925A36600E36981 /* Images.xcassets */ = {isa = PBXFileReference; lastKnownFileType = folder.assetcatalog; path = Images.xcassets; sourceTree = "<group>"; };
		2CA952221925A36600E36981 /* TestKVOTests.xctest */ = {isa = PBXFileReference; explicitFileType = wrapper.cfbundle; includeInIndex = 0; path = TestKVOTests.xctest; sourceTree = BUILT_PRODUCTS_DIR; };
		2CA952231925A36600E36981 /* XCTest.framework */ = {isa = PBXFileReference; lastKnownFileType = wrapper.framework; name = XCTest.framework; path = Library/Frameworks/XCTest.framework; sourceTree = DEVELOPER_DIR; };
		2CA9522B1925A36600E36981 /* TestKVOTests-Info.plist */ = {isa = PBXFileReference; lastKnownFileType = text.plist.xml; path = "TestKVOTests-Info.plist"; sourceTree = "<group>"; };
		2CA9522D1925A36600E36981 /* en */ = {isa = PBXFileReference; lastKnownFileType = text.plist.strings; name = en; path = en.lproj/InfoPlist.strings; sourceTree = "<group>"; };
		2CA9522F1925A36600E36981 /* TestKVOTests.m */ = {isa = PBXFileReference; lastKnownFileType = sourcecode.c.objc; path = TestKVOTests.m; sourceTree = "<group>"; };
		2CA952391925A3A100E36981 /* StockObject.h */ = {isa = PBXFileReference; fileEncoding = 4; lastKnownFileType = sourcecode.c.h; path = StockObject.h; sourceTree = "<group>"; };
		2CA9523A1925A3A100E36981 /* StockObject.m */ = {isa = PBXFileReference; fileEncoding = 4; lastKnownFileType = sourcecode.c.objc; path = StockObject.m; sourceTree = "<group>"; };
/* End PBXFileReference section */

/* Begin PBXFrameworksBuildPhase section */
		2CA951FB1925A36600E36981 /* Frameworks */ = {
			isa = PBXFrameworksBuildPhase;
			buildActionMask = 2147483647;
			files = (
				2CA952041925A36600E36981 /* CoreGraphics.framework in Frameworks */,
				2CA952061925A36600E36981 /* UIKit.framework in Frameworks */,
				2CA952021925A36600E36981 /* Foundation.framework in Frameworks */,
			);
			runOnlyForDeploymentPostprocessing = 0;
		};
		2CA9521F1925A36600E36981 /* Frameworks */ = {
			isa = PBXFrameworksBuildPhase;
			buildActionMask = 2147483647;
			files = (
				2CA952241925A36600E36981 /* XCTest.framework in Frameworks */,
				2CA952261925A36600E36981 /* UIKit.framework in Frameworks */,
				2CA952251925A36600E36981 /* Foundation.framework in Frameworks */,
			);
			runOnlyForDeploymentPostprocessing = 0;
		};
/* End PBXFrameworksBuildPhase section */

/* Begin PBXGroup section */
		2CA951F51925A36500E36981 = {
			isa = PBXGroup;
			children = (
				2CA952071925A36600E36981 /* TestKVO */,
				2CA952291925A36600E36981 /* TestKVOTests */,
				2CA952001925A36600E36981 /* Frameworks */,
				2CA951FF1925A36600E36981 /* Products */,
			);
			sourceTree = "<group>";
		};
		2CA951FF1925A36600E36981 /* Products */ = {
			isa = PBXGroup;
			children = (
				2CA951FE1925A36600E36981 /* TestKVO.app */,
				2CA952221925A36600E36981 /* TestKVOTests.xctest */,
			);
			name = Products;
			sourceTree = "<group>";
		};
		2CA952001925A36600E36981 /* Frameworks */ = {
			isa = PBXGroup;
			children = (
				2CA952011925A36600E36981 /* Foundation.framework */,
				2CA952031925A36600E36981 /* CoreGraphics.framework */,
				2CA952051925A36600E36981 /* UIKit.framework */,
				2CA952231925A36600E36981 /* XCTest.framework */,
			);
			name = Frameworks;
			sourceTree = "<group>";
		};
		2CA952071925A36600E36981 /* TestKVO */ = {
			isa = PBXGroup;
			children = (
				2CA952101925A36600E36981 /* AppDelegate.h */,
				2CA952111925A36600E36981 /* AppDelegate.m */,
				2CA952131925A36600E36981 /* Main_iPhone.storyboard */,
				2CA952161925A36600E36981 /* Main_iPad.storyboard */,
				2CA952191925A36600E36981 /* ViewController.h */,
				2CA9521A1925A36600E36981 /* ViewController.m */,
				2CA9521C1925A36600E36981 /* Images.xcassets */,
				2CA952081925A36600E36981 /* Supporting Files */,
				2CA952391925A3A100E36981 /* StockObject.h */,
				2CA9523A1925A3A100E36981 /* StockObject.m */,
			);
			path = TestKVO;
			sourceTree = "<group>";
		};
		2CA952081925A36600E36981 /* Supporting Files */ = {
			isa = PBXGroup;
			children = (
				2CA952091925A36600E36981 /* TestKVO-Info.plist */,
				2CA9520A1925A36600E36981 /* InfoPlist.strings */,
				2CA9520D1925A36600E36981 /* main.m */,
				2CA9520F1925A36600E36981 /* TestKVO-Prefix.pch */,
			);
			name = "Supporting Files";
			sourceTree = "<group>";
		};
		2CA952291925A36600E36981 /* TestKVOTests */ = {
			isa = PBXGroup;
			children = (
				2CA9522F1925A36600E36981 /* TestKVOTests.m */,
				2CA9522A1925A36600E36981 /* Supporting Files */,
			);
			path = TestKVOTests;
			sourceTree = "<group>";
		};
		2CA9522A1925A36600E36981 /* Supporting Files */ = {
			isa = PBXGroup;
			children = (
				2CA9522B1925A36600E36981 /* TestKVOTests-Info.plist */,
				2CA9522C1925A36600E36981 /* InfoPlist.strings */,
			);
			name = "Supporting Files";
			sourceTree = "<group>";
		};
/* End PBXGroup section */

/* Begin PBXNativeTarget section */
		2CA951FD1925A36600E36981 /* TestKVO */ = {
			isa = PBXNativeTarget;
			buildConfigurationList = 2CA952331925A36600E36981 /* Build configuration list for PBXNativeTarget "TestKVO" */;
			buildPhases = (
				2CA951FA1925A36600E36981 /* Sources */,
				2CA951FB1925A36600E36981 /* Frameworks */,
				2CA951FC1925A36600E36981 /* Resources */,
			);
			buildRules = (
			);
			dependencies = (
			);
			name = TestKVO;
			productName = TestKVO;
			productReference = 2CA951FE1925A36600E36981 /* TestKVO.app */;
			productType = "com.apple.product-type.application";
		};
		2CA952211925A36600E36981 /* TestKVOTests */ = {
			isa = PBXNativeTarget;
			buildConfigurationList = 2CA952361925A36600E36981 /* Build configuration list for PBXNativeTarget "TestKVOTests" */;
			buildPhases = (
				2CA9521E1925A36600E36981 /* Sources */,
				2CA9521F1925A36600E36981 /* Frameworks */,
				2CA952201925A36600E36981 /* Resources */,
			);
			buildRules = (
			);
			dependencies = (
				2CA952281925A36600E36981 /* PBXTargetDependency */,
			);
			name = TestKVOTests;
			productName = TestKVOTests;
			productReference = 2CA952221925A36600E36981 /* TestKVOTests.xctest */;
			productType = "com.apple.product-type.bundle.unit-test";
		};
/* End PBXNativeTarget section */

/* Begin PBXProject section */
		2CA951F61925A36500E36981 /* Project object */ = {
			isa = PBXProject;
			attributes = {
				LastUpgradeCheck = 0510;
				ORGANIZATIONNAME = "yenkai huang";
				TargetAttributes = {
					2CA952211925A36600E36981 = {
						TestTargetID = 2CA951FD1925A36600E36981;
					};
				};
			};
			buildConfigurationList = 2CA951F91925A36500E36981 /* Build configuration list for PBXProject "TestKVO" */;
			compatibilityVersion = "Xcode 3.2";
			developmentRegion = English;
			hasScannedForEncodings = 0;
			knownRegions = (
				en,
				Base,
			);
			mainGroup = 2CA951F51925A36500E36981;
			productRefGroup = 2CA951FF1925A36600E36981 /* Products */;
			projectDirPath = "";
			projectRoot = "";
			targets = (
				2CA951FD1925A36600E36981 /* TestKVO */,
				2CA952211925A36600E36981 /* TestKVOTests */,
			);
		};
/* End PBXProject section */

/* Begin PBXResourcesBuildPhase section */
		2CA951FC1925A36600E36981 /* Resources */ = {
			isa = PBXResourcesBuildPhase;
			buildActionMask = 2147483647;
			files = (
				2CA952181925A36600E36981 /* Main_iPad.storyboard in Resources */,
				2CA9521D1925A36600E36981 /* Images.xcassets in Resources */,
				2CA952151925A36600E36981 /* Main_iPhone.storyboard in Resources */,
				2CA9520C1925A36600E36981 /* InfoPlist.strings in Resources */,
			);
			runOnlyForDeploymentPostprocessing = 0;
		};
		2CA952201925A36600E36981 /* Resources */ = {
			isa = PBXResourcesBuildPhase;
			buildActionMask = 2147483647;
			files = (
				2CA9522E1925A36600E36981 /* InfoPlist.strings in Resources */,
			);
			runOnlyForDeploymentPostprocessing = 0;
		};
/* End PBXResourcesBuildPhase section */

/* Begin PBXSourcesBuildPhase section */
		2CA951FA1925A36600E36981 /* Sources */ = {
			isa = PBXSourcesBuildPhase;
			buildActionMask = 2147483647;
			files = (
				2CA9521B1925A36600E36981 /* ViewController.m in Sources */,
				2CA952121925A36600E36981 /* AppDelegate.m in Sources */,
				2CA9520E1925A36600E36981 /* main.m in Sources */,
				2CA9523B1925A3A100E36981 /* StockObject.m in Sources */,
			);
			runOnlyForDeploymentPostprocessing = 0;
		};
		2CA9521E1925A36600E36981 /* Sources */ = {
			isa = PBXSourcesBuildPhase;
			buildActionMask = 2147483647;
			files = (
				2CA952301925A36600E36981 /* TestKVOTests.m in Sources */,
			);
			runOnlyForDeploymentPostprocessing = 0;
		};
/* End PBXSourcesBuildPhase section */

/* Begin PBXTargetDependency section */
		2CA952281925A36600E36981 /* PBXTargetDependency */ = {
			isa = PBXTargetDependency;
			target = 2CA951FD1925A36600E36981 /* TestKVO */;
			targetProxy = 2CA952271925A36600E36981 /* PBXContainerItemProxy */;
		};
/* End PBXTargetDependency section */

/* Begin PBXVariantGroup section */
		2CA9520A1925A36600E36981 /* InfoPlist.strings */ = {
			isa = PBXVariantGroup;
			children = (
				2CA9520B1925A36600E36981 /* en */,
			);
			name = InfoPlist.strings;
			sourceTree = "<group>";
		};
		2CA952131925A36600E36981 /* Main_iPhone.storyboard */ = {
			isa = PBXVariantGroup;
			children = (
				2CA952141925A36600E36981 /* Base */,
			);
			name = Main_iPhone.storyboard;
			sourceTree = "<group>";
		};
		2CA952161925A36600E36981 /* Main_iPad.storyboard */ = {
			isa = PBXVariantGroup;
			children = (
				2CA952171925A36600E36981 /* Base */,
			);
			name = Main_iPad.storyboard;
			sourceTree = "<group>";
		};
		2CA9522C1925A36600E36981 /* InfoPlist.strings */ = {
			isa = PBXVariantGroup;
			children = (
				2CA9522D1925A36600E36981 /* en */,
			);
			name = InfoPlist.strings;
			sourceTree = "<group>";
		};
/* End PBXVariantGroup section */

/* Begin XCBuildConfiguration section */
		2CA952311925A36600E36981 /* Debug */ = {
			isa = XCBuildConfiguration;
			buildSettings = {
				ALWAYS_SEARCH_USER_PATHS = NO;
				CLANG_CXX_LANGUAGE_STANDARD = "gnu++0x";
				CLANG_CXX_LIBRARY = "libc++";
				CLANG_ENABLE_MODULES = YES;
				CLANG_ENABLE_OBJC_ARC = YES;
				CLANG_WARN_BOOL_CONVERSION = YES;
				CLANG_WARN_CONSTANT_CONVERSION = YES;
				CLANG_WARN_DIRECT_OBJC_ISA_USAGE = YES_ERROR;
				CLANG_WARN_EMPTY_BODY = YES;
				CLANG_WARN_ENUM_CONVERSION = YES;
				CLANG_WARN_INT_CONVERSION = YES;
				CLANG_WARN_OBJC_ROOT_CLASS = YES_ERROR;
				CLANG_WARN__DUPLICATE_METHOD_MATCH = YES;
				"CODE_SIGN_IDENTITY[sdk=iphoneos*]" = "iPhone Developer";
				COPY_PHASE_STRIP = NO;
				GCC_C_LANGUAGE_STANDARD = gnu99;
				GCC_DYNAMIC_NO_PIC = NO;
				GCC_OPTIMIZATION_LEVEL = 0;
				GCC_PREPROCESSOR_DEFINITIONS = (
					"DEBUG=1",
					"$(inherited)",
				);
				GCC_SYMBOLS_PRIVATE_EXTERN = NO;
				GCC_WARN_64_TO_32_BIT_CONVERSION = YES;
				GCC_WARN_ABOUT_RETURN_TYPE = YES_ERROR;
				GCC_WARN_UNDECLARED_SELECTOR = YES;
				GCC_WARN_UNINITIALIZED_AUTOS = YES_AGGRESSIVE;
				GCC_WARN_UNUSED_FUNCTION = YES;
				GCC_WARN_UNUSED_VARIABLE = YES;
				IPHONEOS_DEPLOYMENT_TARGET = 7.1;
				ONLY_ACTIVE_ARCH = YES;
				SDKROOT = iphoneos;
				TARGETED_DEVICE_FAMILY = "1,2";
			};
			name = Debug;
		};
		2CA952321925A36600E36981 /* Release */ = {
			isa = XCBuildConfiguration;
			buildSettings = {
				ALWAYS_SEARCH_USER_PATHS = NO;
				CLANG_CXX_LANGUAGE_STANDARD = "gnu++0x";
				CLANG_CXX_LIBRARY = "libc++";
				CLANG_ENABLE_MODULES = YES;
				CLANG_ENABLE_OBJC_ARC = YES;
				CLANG_WARN_BOOL_CONVERSION = YES;
				CLANG_WARN_CONSTANT_CONVERSION = YES;
				CLANG_WARN_DIRECT_OBJC_ISA_USAGE = YES_ERROR;
				CLANG_WARN_EMPTY_BODY = YES;
				CLANG_WARN_ENUM_CONVERSION = YES;
				CLANG_WARN_INT_CONVERSION = YES;
				CLANG_WARN_OBJC_ROOT_CLASS = YES_ERROR;
				CLANG_WARN__DUPLICATE_METHOD_MATCH = YES;
				"CODE_SIGN_IDENTITY[sdk=iphoneos*]" = "iPhone Developer";
				COPY_PHASE_STRIP = YES;
				ENABLE_NS_ASSERTIONS = NO;
				GCC_C_LANGUAGE_STANDARD = gnu99;
				GCC_WARN_64_TO_32_BIT_CONVERSION = YES;
				GCC_WARN_ABOUT_RETURN_TYPE = YES_ERROR;
				GCC_WARN_UNDECLARED_SELECTOR = YES;
				GCC_WARN_UNINITIALIZED_AUTOS = YES_AGGRESSIVE;
				GCC_WARN_UNUSED_FUNCTION = YES;
				GCC_WARN_UNUSED_VARIABLE = YES;
				IPHONEOS_DEPLOYMENT_TARGET = 7.1;
				SDKROOT = iphoneos;
				TARGETED_DEVICE_FAMILY = "1,2";
				VALIDATE_PRODUCT = YES;
			};
			name = Release;
		};
		2CA952341925A36600E36981 /* Debug */ = {
			isa = XCBuildConfiguration;
			buildSettings = {
				ASSETCATALOG_COMPILER_APPICON_NAME = AppIcon;
				ASSETCATALOG_COMPILER_LAUNCHIMAGE_NAME = LaunchImage;
				GCC_PRECOMPILE_PREFIX_HEADER = YES;
				GCC_PREFIX_HEADER = "TestKVO/TestKVO-Prefix.pch";
				INFOPLIST_FILE = "TestKVO/TestKVO-Info.plist";
				PRODUCT_NAME = "$(TARGET_NAME)";
				WRAPPER_EXTENSION = app;
			};
			name = Debug;
		};
		2CA952351925A36600E36981 /* Release */ = {
			isa = XCBuildConfiguration;
			buildSettings = {
				ASSETCATALOG_COMPILER_APPICON_NAME = AppIcon;
				ASSETCATALOG_COMPILER_LAUNCHIMAGE_NAME = LaunchImage;
				GCC_PRECOMPILE_PREFIX_HEADER = YES;
				GCC_PREFIX_HEADER = "TestKVO/TestKVO-Prefix.pch";
				INFOPLIST_FILE = "TestKVO/TestKVO-Info.plist";
				PRODUCT_NAME = "$(TARGET_NAME)";
				WRAPPER_EXTENSION = app;
			};
			name = Release;
		};
		2CA952371925A36600E36981 /* Debug */ = {
			isa = XCBuildConfiguration;
			buildSettings = {
				BUNDLE_LOADER = "$(BUILT_PRODUCTS_DIR)/TestKVO.app/TestKVO";
				FRAMEWORK_SEARCH_PATHS = (
					"$(SDKROOT)/Developer/Library/Frameworks",
					"$(inherited)",
					"$(DEVELOPER_FRAMEWORKS_DIR)",
				);
				GCC_PRECOMPILE_PREFIX_HEADER = YES;
				GCC_PREFIX_HEADER = "TestKVO/TestKVO-Prefix.pch";
				GCC_PREPROCESSOR_DEFINITIONS = (
					"DEBUG=1",
					"$(inherited)",
				);
				INFOPLIST_FILE = "TestKVOTests/TestKVOTests-Info.plist";
				PRODUCT_NAME = "$(TARGET_NAME)";
				TEST_HOST = "$(BUNDLE_LOADER)";
				WRAPPER_EXTENSION = xctest;
			};
			name = Debug;
		};
		2CA952381925A36600E36981 /* Release */ = {
			isa = XCBuildConfiguration;
			buildSettings = {
				BUNDLE_LOADER = "$(BUILT_PRODUCTS_DIR)/TestKVO.app/TestKVO";
				FRAMEWORK_SEARCH_PATHS = (
					"$(SDKROOT)/Developer/Library/Frameworks",
					"$(inherited)",
					"$(DEVELOPER_FRAMEWORKS_DIR)",
				);
				GCC_PRECOMPILE_PREFIX_HEADER = YES;
				GCC_PREFIX_HEADER = "TestKVO/TestKVO-Prefix.pch";
				INFOPLIST_FILE = "TestKVOTests/TestKVOTests-Info.plist";
				PRODUCT_NAME = "$(TARGET_NAME)";
				TEST_HOST = "$(BUNDLE_LOADER)";
				WRAPPER_EXTENSION = xctest;
			};
			name = Release;
		};
/* End XCBuildConfiguration section */

/* Begin XCConfigurationList section */
		2CA951F91925A36500E36981 /* Build configuration list for PBXProject "TestKVO" */ = {
			isa = XCConfigurationList;
			buildConfigurations = (
				2CA952311925A36600E36981 /* Debug */,
				2CA952321925A36600E36981 /* Release */,
			);
			defaultConfigurationIsVisible = 0;
			defaultConfigurationName = Release;
		};
		2CA952331925A36600E36981 /* Build configuration list for PBXNativeTarget "TestKVO" */ = {
			isa = XCConfigurationList;
			buildConfigurations = (
				2CA952341925A36600E36981 /* Debug */,
				2CA952351925A36600E36981 /* Release */,
			);
			defaultConfigurationIsVisible = 0;
		};
		2CA952361925A36600E36981 /* Build configuration list for PBXNativeTarget "TestKVOTests" */ = {
			isa = XCConfigurationList;
			buildConfigurations = (
				2CA952371925A36600E36981 /* Debug */,
				2CA952381925A36600E36981 /* Release */,
			);
			defaultConfigurationIsVisible = 0;
		};
/* End XCConfigurationList section */
	};
	rootObject = 2CA951F61925A36500E36981 /* Project object */;
}
